
Microsoft Visual Studio Solution File, Format Version 11.00
# Visual Studio 2010
Project("{FAE04EC0-301F-11D3-BF4B-00C04F79EFBC}") = "FP", "FP\FP.csproj", "{0FD86AB4-576C-42D6-8012-EFD82CC470A7}"
EndProject
Project("{FAE04EC0-301F-11D3-BF4B-00C04F79EFBC}") = "FPTests", "FPTests\FPTests.csproj", "{FBCEDCC5-DF34-4906-8CD0-23EF739460B3}"
EndProject
Project("{2150E333-8FDC-42A3-9474-1A3956D46DE8}") = "Solution Items", "Solution Items", "{525A31B2-0A18-4A47-B7D8-A24E1B808E4C}"
	ProjectSection(SolutionItems) = preProject
		FP.vsmdi = FP.vsmdi
		Local.testsettings = Local.testsettings
		TraceAndTestImpact.testsettings = TraceAndTestImpact.testsettings
	EndProjectSection
EndProject
Global
	GlobalSection(TestCaseManagementSettings) = postSolution
		CategoryFile = FP.vsmdi
	EndGlobalSection
	GlobalSection(SolutionConfigurationPlatforms) = preSolution
		Debug|Any CPU = Debug|Any CPU
		Debug|Mixed Platforms = Debug|Mixed Platforms
		Debug|x86 = Debug|x86
		Release|Any CPU = Release|Any CPU
		Release|Mixed Platforms = Release|Mixed Platforms
		Release|x86 = Release|x86
	EndGlobalSection
	GlobalSection(ProjectConfigurationPlatforms) = postSolution
		{0FD86AB4-576C-42D6-8012-EFD82CC470A7}.Debug|Any CPU.ActiveCfg = Debug|x86
		{0FD86AB4-576C-42D6-8012-EFD82CC470A7}.Debug|Mixed Platforms.ActiveCfg = Debug|x86
		{0FD86AB4-576C-42D6-8012-EFD82CC470A7}.Debug|Mixed Platforms.Build.0 = Debug|x86
		{0FD86AB4-576C-42D6-8012-EFD82CC470A7}.Debug|x86.ActiveCfg = Debug|x86
		{0FD86AB4-576C-42D6-8012-EFD82CC470A7}.Debug|x86.Build.0 = Debug|x86
		{0FD86AB4-576C-42D6-8012-EFD82CC470A7}.Release|Any CPU.ActiveCfg = Release|x86
		{0FD86AB4-576C-42D6-8012-EFD82CC470A7}.Release|Mixed Platforms.ActiveCfg = Release|x86
		{0FD86AB4-576C-42D6-8012-EFD82CC470A7}.Release|Mixed Platforms.Build.0 = Release|x86
		{0FD86AB4-576C-42D6-8012-EFD82CC470A7}.Release|x86.ActiveCfg = Release|x86
		{0FD86AB4-576C-42D6-8012-EFD82CC470A7}.Release|x86.Build.0 = Release|x86
		{FBCEDCC5-DF34-4906-8CD0-23EF739460B3}.Debug|Any CPU.ActiveCfg = Debug|Any CPU
		{FBCEDCC5-DF34-4906-8CD0-23EF739460B3}.Debug|Any CPU.Build.0 = Debug|Any CPU
		{FBCEDCC5-DF34-4906-8CD0-23EF739460B3}.Debug|Mixed Platforms.ActiveCfg = Debug|Any CPU
		{FBCEDCC5-DF34-4906-8CD0-23EF739460B3}.Debug|Mixed Platforms.Build.0 = Debug|Any CPU
		{FBCEDCC5-DF34-4906-8CD0-23EF739460B3}.Debug|x86.ActiveCfg = Debug|Any CPU
		{FBCEDCC5-DF34-4906-8CD0-23EF739460B3}.Release|Any CPU.ActiveCfg = Release|Any CPU
		{FBCEDCC5-DF34-4906-8CD0-23EF739460B3}.Release|Any CPU.Build.0 = Release|Any CPU
		{FBCEDCC5-DF34-4906-8CD0-23EF739460B3}.Release|Mixed Platforms.ActiveCfg = Release|Any CPU
		{FBCEDCC5-DF34-4906-8CD0-23EF739460B3}.Release|Mixed Platforms.Build.0 = Release|Any CPU
		{FBCEDCC5-DF34-4906-8CD0-23EF739460B3}.Release|x86.ActiveCfg = Release|Any CPU
	EndGlobalSection
	GlobalSection(SolutionProperties) = preSolution
		HideSolutionNode = FALSE
	EndGlobalSection
EndGlobal
